
Microsoft Visual Studio Solution File, Format Version 12.00
# Visual Studio Version 16
VisualStudioVersion = 16.0.29920.165
MinimumVisualStudioVersion = 10.0.40219.1
Project("{FAE04EC0-301F-11D3-BF4B-00C04F79EFBC}") = "Checkpoint3", "Checkpoint3.csproj", "{02EC250B-D5B6-4F47-B029-EFC84C045666}"
EndProject
Project("{FAE04EC0-301F-11D3-BF4B-00C04F79EFBC}") = "Checkpoint3_Interface", "..\Checkpoint3_Interface\Checkpoint3_Interface.csproj", "{73361AB0-7AC3-4ACE-A0B0-00C025200F8F}"
EndProject
Global
	GlobalSection(SolutionConfigurationPlatforms) = preSolution
		Debug|Any CPU = Debug|Any CPU
		Release|Any CPU = Release|Any CPU
	EndGlobalSection
	GlobalSection(ProjectConfigurationPlatforms) = postSolution
		{02EC250B-D5B6-4F47-B029-EFC84C045666}.Debug|Any CPU.ActiveCfg = Debug|Any CPU
		{02EC250B-D5B6-4F47-B029-EFC84C045666}.Debug|Any CPU.Build.0 = Debug|Any CPU
		{02EC250B-D5B6-4F47-B029-EFC84C045666}.Release|Any CPU.ActiveCfg = Release|Any CPU
		{02EC250B-D5B6-4F47-B029-EFC84C045666}.Release|Any CPU.Build.0 = Release|Any CPU
		{73361AB0-7AC3-4ACE-A0B0-00C025200F8F}.Debug|Any CPU.ActiveCfg = Debug|Any CPU
		{73361AB0-7AC3-4ACE-A0B0-00C025200F8F}.Debug|Any CPU.Build.0 = Debug|Any CPU
		{73361AB0-7AC3-4ACE-A0B0-00C025200F8F}.Release|Any CPU.ActiveCfg = Release|Any CPU
		{73361AB0-7AC3-4ACE-A0B0-00C025200F8F}.Release|Any CPU.Build.0 = Release|Any CPU
	EndGlobalSection
	GlobalSection(SolutionProperties) = preSolution
		HideSolutionNode = FALSE
	EndGlobalSection
	GlobalSection(ExtensibilityGlobals) = postSolution
		SolutionGuid = {399F287C-29B3-4927-B9F2-F2736FB9FF5D}
	EndGlobalSection
EndGlobal
